// !$*UTF8*$!
{
	archiveVersion = 1;
	classes = {
	};
	objectVersion = 77;
	objects = {

/* Begin PBXBuildFile section */
		946FE08A2E4532380027A0DB /* ValidationUtils.swift in Sources */ = {isa = PBXBuildFile; fileRef = 946FE07B2E4532380027A0DB /* ValidationUtils.swift */; };
		946FE08B2E4532380027A0DB /* UserRepository.swift in Sources */ = {isa = PBXBuildFile; fileRef = 946FE0762E4532380027A0DB /* UserRepository.swift */; };
		946FE08C2E4532380027A0DB /* LoginView.swift in Sources */ = {isa = PBXBuildFile; fileRef = 946FE07E2E4532380027A0DB /* LoginView.swift */; };
		946FE08D2E4532380027A0DB /* User.swift in Sources */ = {isa = PBXBuildFile; fileRef = 946FE0782E4532380027A0DB /* User.swift */; };
		946FE08E2E4532380027A0DB /* SignUpView.swift in Sources */ = {isa = PBXBuildFile; fileRef = 946FE07F2E4532380027A0DB /* SignUpView.swift */; };
		946FE08F2E4532380027A0DB /* AuthViewModel.swift in Sources */ = {isa = PBXBuildFile; fileRef = 946FE0822E4532380027A0DB /* AuthViewModel.swift */; };
		946FE0902E4532380027A0DB /* AuthService.swift in Sources */ = {isa = PBXBuildFile; fileRef = 946FE0812E4532380027A0DB /* AuthService.swift */; };
		946FE0912E4532380027A0DB /* ForgotPasswordView.swift in Sources */ = {isa = PBXBuildFile; fileRef = 946FE0832E4532380027A0DB /* ForgotPasswordView.swift */; };
		946FE0922E4532380027A0DB /* VerifyEmailView.swift in Sources */ = {isa = PBXBuildFile; fileRef = 946FE0842E4532380027A0DB /* VerifyEmailView.swift */; };
		946FE0932E4532380027A0DB /* ResetPasswordView.swift in Sources */ = {isa = PBXBuildFile; fileRef = 946FE0852E4532380027A0DB /* ResetPasswordView.swift */; };
/* End PBXBuildFile section */

/* Begin PBXFileReference section */
		946FE0622E452F4C0027A0DB /* MySpecialDates.app */ = {isa = PBXFileReference; explicitFileType = wrapper.application; includeInIndex = 0; path = MySpecialDates.app; sourceTree = BUILT_PRODUCTS_DIR; };
		946FE0762E4532380027A0DB /* UserRepository.swift */ = {isa = PBXFileReference; lastKnownFileType = sourcecode.swift; path = UserRepository.swift; sourceTree = "<group>"; };
		946FE0782E4532380027A0DB /* User.swift */ = {isa = PBXFileReference; lastKnownFileType = sourcecode.swift; path = User.swift; sourceTree = "<group>"; };
		946FE07B2E4532380027A0DB /* ValidationUtils.swift */ = {isa = PBXFileReference; lastKnownFileType = sourcecode.swift; path = ValidationUtils.swift; sourceTree = "<group>"; };
		946FE07E2E4532380027A0DB /* LoginView.swift */ = {isa = PBXFileReference; lastKnownFileType = sourcecode.swift; path = LoginView.swift; sourceTree = "<group>"; };
		946FE07F2E4532380027A0DB /* SignUpView.swift */ = {isa = PBXFileReference; lastKnownFileType = sourcecode.swift; path = SignUpView.swift; sourceTree = "<group>"; };
		946FE0812E4532380027A0DB /* AuthService.swift */ = {isa = PBXFileReference; lastKnownFileType = sourcecode.swift; path = AuthService.swift; sourceTree = "<group>"; };
		946FE0822E4532380027A0DB /* AuthViewModel.swift */ = {isa = PBXFileReference; lastKnownFileType = sourcecode.swift; path = AuthViewModel.swift; sourceTree = "<group>"; };
		946FE0832E4532380027A0DB /* ForgotPasswordView.swift */ = {isa = PBXFileReference; lastKnownFileType = sourcecode.swift; path = ForgotPasswordView.swift; sourceTree = "<group>"; };
		946FE0842E4532380027A0DB /* VerifyEmailView.swift */ = {isa = PBXFileReference; lastKnownFileType = sourcecode.swift; path = VerifyEmailView.swift; sourceTree = "<group>"; };
		946FE0852E4532380027A0DB /* ResetPasswordView.swift */ = {isa = PBXFileReference; lastKnownFileType = sourcecode.swift; path = ResetPasswordView.swift; sourceTree = "<group>"; };
/* End PBXFileReference section */

/* Begin PBXFileSystemSynchronizedRootGroup section */
		946FE0642E452F4C0027A0DB /* MySpecialDates */ = {
			isa = PBXFileSystemSynchronizedRootGroup;
			path = MySpecialDates;
			sourceTree = "<group>";
		};
/* End PBXFileSystemSynchronizedRootGroup section */

/* Begin PBXFrameworksBuildPhase section */
		946FE05F2E452F4C0027A0DB /* Frameworks */ = {
			isa = PBXFrameworksBuildPhase;
			buildActionMask = 2147483647;
			files = (
			);
			runOnlyForDeploymentPostprocessing = 0;
		};
/* End PBXFrameworksBuildPhase section */

/* Begin PBXGroup section */
		946FE0592E452F4C0027A0DB = {
			isa = PBXGroup;
			children = (
				946FE07D2E4532380027A0DB /* Core */,
				946FE0892E4532380027A0DB /* Features */,
				946FE0642E452F4C0027A0DB /* MySpecialDates */,
				946FE0632E452F4C0027A0DB /* Products */,
			);
			sourceTree = "<group>";
		};
		946FE0632E452F4C0027A0DB /* Products */ = {
			isa = PBXGroup;
			children = (
				946FE0622E452F4C0027A0DB /* MySpecialDates.app */,
			);
			name = Products;
			sourceTree = "<group>";
		};
		946FE0772E4532380027A0DB /* Database */ = {
			isa = PBXGroup;
			children = (
				946FE0762E4532380027A0DB /* UserRepository.swift */,
			);
			path = Database;
			sourceTree = "<group>";
		};
		946FE0792E4532380027A0DB /* Models */ = {
			isa = PBXGroup;
			children = (
				946FE0782E4532380027A0DB /* User.swift */,
			);
			path = Models;
			sourceTree = "<group>";
		};
		946FE07A2E4532380027A0DB /* Network */ = {
			isa = PBXGroup;
			children = (
			);
			path = Network;
			sourceTree = "<group>";
		};
		946FE07C2E4532380027A0DB /* Utils */ = {
			isa = PBXGroup;
			children = (
				946FE07B2E4532380027A0DB /* ValidationUtils.swift */,
			);
			path = Utils;
			sourceTree = "<group>";
		};
		946FE07D2E4532380027A0DB /* Core */ = {
			isa = PBXGroup;
			children = (
				946FE0772E4532380027A0DB /* Database */,
				946FE0792E4532380027A0DB /* Models */,
				946FE07A2E4532380027A0DB /* Network */,
				946FE07C2E4532380027A0DB /* Utils */,
			);
			path = Core;
			sourceTree = "<group>";
		};
		946FE0802E4532380027A0DB /* Views */ = {
			isa = PBXGroup;
			children = (
				946FE07E2E4532380027A0DB /* LoginView.swift */,
				946FE07F2E4532380027A0DB /* SignUpView.swift */,
				946FE0832E4532380027A0DB /* ForgotPasswordView.swift */,
				946FE0842E4532380027A0DB /* VerifyEmailView.swift */,
				946FE0852E4532380027A0DB /* ResetPasswordView.swift */,
			);
			path = Views;
			sourceTree = "<group>";
		};
		946FE0832E4532380027A0DB /* Auth */ = {
			isa = PBXGroup;
			children = (
				946FE0802E4532380027A0DB /* Views */,
				946FE0812E4532380027A0DB /* AuthService.swift */,
				946FE0822E4532380027A0DB /* AuthViewModel.swift */,
			);
			path = Auth;
			sourceTree = "<group>";
		};
		946FE0842E4532380027A0DB /* Chat */ = {
			isa = PBXGroup;
			children = (
			);
			path = Chat;
			sourceTree = "<group>";
		};
		946FE0852E4532380027A0DB /* Contacts */ = {
			isa = PBXGroup;
			children = (
			);
			path = Contacts;
			sourceTree = "<group>";
		};
		946FE0862E4532380027A0DB /* Events */ = {
			isa = PBXGroup;
			children = (
			);
			path = Events;
			sourceTree = "<group>";
		};
		946FE0872E4532380027A0DB /* Reminders */ = {
			isa = PBXGroup;
			children = (
			);
			path = Reminders;
			sourceTree = "<group>";
		};
		946FE0882E4532380027A0DB /* UserProfile */ = {
			isa = PBXGroup;
			children = (
			);
			path = UserProfile;
			sourceTree = "<group>";
		};
		946FE0892E4532380027A0DB /* Features */ = {
			isa = PBXGroup;
			children = (
				946FE0832E4532380027A0DB /* Auth */,
				946FE0842E4532380027A0DB /* Chat */,
				946FE0852E4532380027A0DB /* Contacts */,
				946FE0862E4532380027A0DB /* Events */,
				946FE0872E4532380027A0DB /* Reminders */,
				946FE0882E4532380027A0DB /* UserProfile */,
			);
			path = Features;
			sourceTree = "<group>";
		};
/* End PBXGroup section */

/* Begin PBXNativeTarget section */
		946FE0612E452F4C0027A0DB /* MySpecialDates */ = {
			isa = PBXNativeTarget;
			buildConfigurationList = 946FE06D2E452F4C0027A0DB /* Build configuration list for PBXNativeTarget "MySpecialDates" */;
			buildPhases = (
				946FE05E2E452F4C0027A0DB /* Sources */,
				946FE05F2E452F4C0027A0DB /* Frameworks */,
				946FE0602E452F4C0027A0DB /* Resources */,
			);
			buildRules = (
			);
			dependencies = (
			);
			fileSystemSynchronizedGroups = (
				946FE0642E452F4C0027A0DB /* MySpecialDates */,
			);
			name = MySpecialDates;
			packageProductDependencies = (
			);
			productName = MySpecialDates;
			productReference = 946FE0622E452F4C0027A0DB /* MySpecialDates.app */;
			productType = "com.apple.product-type.application";
		};
/* End PBXNativeTarget section */

/* Begin PBXProject section */
		946FE05A2E452F4C0027A0DB /* Project object */ = {
			isa = PBXProject;
			attributes = {
				BuildIndependentTargetsInParallel = 1;
				LastSwiftUpdateCheck = 1640;
				LastUpgradeCheck = 1640;
				TargetAttributes = {
					946FE0612E452F4C0027A0DB = {
						CreatedOnToolsVersion = 16.4;
					};
				};
			};
			buildConfigurationList = 946FE05D2E452F4C0027A0DB /* Build configuration list for PBXProject "MySpecialDates" */;
			developmentRegion = en;
			hasScannedForEncodings = 0;
			knownRegions = (
				en,
				Base,
			);
			mainGroup = 946FE0592E452F4C0027A0DB;
			minimizedProjectReferenceProxies = 1;
			preferredProjectObjectVersion = 77;
			productRefGroup = 946FE0632E452F4C0027A0DB /* Products */;
			projectDirPath = "";
			projectRoot = "";
			targets = (
				946FE0612E452F4C0027A0DB /* MySpecialDates */,
			);
		};
/* End PBXProject section */

/* Begin PBXResourcesBuildPhase section */
		946FE0602E452F4C0027A0DB /* Resources */ = {
			isa = PBXResourcesBuildPhase;
			buildActionMask = 2147483647;
			files = (
			);
			runOnlyForDeploymentPostprocessing = 0;
		};
/* End PBXResourcesBuildPhase section */

/* Begin PBXSourcesBuildPhase section */
		946FE05E2E452F4C0027A0DB /* Sources */ = {
			isa = PBXSourcesBuildPhase;
			buildActionMask = 2147483647;
			files = (
				946FE08A2E4532380027A0DB /* ValidationUtils.swift in Sources */,
				946FE08B2E4532380027A0DB /* UserRepository.swift in Sources */,
				946FE08C2E4532380027A0DB /* LoginView.swift in Sources */,
				946FE08D2E4532380027A0DB /* User.swift in Sources */,
				946FE08E2E4532380027A0DB /* SignUpView.swift in Sources */,
				946FE08F2E4532380027A0DB /* AuthViewModel.swift in Sources */,
				946FE0902E4532380027A0DB /* AuthService.swift in Sources */,
				946FE0912E4532380027A0DB /* ForgotPasswordView.swift in Sources */,
				946FE0922E4532380027A0DB /* VerifyEmailView.swift in Sources */,
				946FE0932E4532380027A0DB /* ResetPasswordView.swift in Sources */,
			);
			runOnlyForDeploymentPostprocessing = 0;
		};
/* End PBXSourcesBuildPhase section */

/* Begin XCBuildConfiguration section */
		946FE06B2E452F4C0027A0DB /* Debug */ = {
			isa = XCBuildConfiguration;
			buildSettings = {
				ALWAYS_SEARCH_USER_PATHS = NO;
				ASSETCATALOG_COMPILER_GENERATE_SWIFT_ASSET_SYMBOL_EXTENSIONS = YES;
				CLANG_ANALYZER_NONNULL = YES;
				CLANG_ANALYZER_NUMBER_OBJECT_CONVERSION = YES_AGGRESSIVE;
				CLANG_CXX_LANGUAGE_STANDARD = "gnu++20";
				CLANG_ENABLE_MODULES = YES;
				CLANG_ENABLE_OBJC_ARC = YES;
				CLANG_ENABLE_OBJC_WEAK = YES;
				CLANG_WARN_BLOCK_CAPTURE_AUTORELEASING = YES;
				CLANG_WARN_BOOL_CONVERSION = YES;
				CLANG_WARN_COMMA = YES;
				CLANG_WARN_CONSTANT_CONVERSION = YES;
				CLANG_WARN_DEPRECATED_OBJC_IMPLEMENTATIONS = YES;
				CLANG_WARN_DIRECT_OBJC_ISA_USAGE = YES_ERROR;
				CLANG_WARN_DOCUMENTATION_COMMENTS = YES;
				CLANG_WARN_EMPTY_BODY = YES;
				CLANG_WARN_ENUM_CONVERSION = YES;
				CLANG_WARN_INFINITE_RECURSION = YES;
				CLANG_WARN_INT_CONVERSION = YES;
				CLANG_WARN_NON_LITERAL_NULL_CONVERSION = YES;
				CLANG_WARN_OBJC_IMPLICIT_RETAIN_SELF = YES;
				CLANG_WARN_OBJC_LITERAL_CONVERSION = YES;
				CLANG_WARN_OBJC_ROOT_CLASS = YES_ERROR;
				CLANG_WARN_QUOTED_INCLUDE_IN_FRAMEWORK_HEADER = YES;
				CLANG_WARN_RANGE_LOOP_ANALYSIS = YES;
				CLANG_WARN_STRICT_PROTOTYPES = YES;
				CLANG_WARN_SUSPICIOUS_MOVE = YES;
				CLANG_WARN_UNGUARDED_AVAILABILITY = YES_AGGRESSIVE;
				CLANG_WARN_UNREACHABLE_CODE = YES;
				CLANG_WARN__DUPLICATE_METHOD_MATCH = YES;
				COPY_PHASE_STRIP = NO;
				DEBUG_INFORMATION_FORMAT = dwarf;
				ENABLE_STRICT_OBJC_MSGSEND = YES;
				ENABLE_TESTABILITY = YES;
				ENABLE_USER_SCRIPT_SANDBOXING = YES;
				GCC_C_LANGUAGE_STANDARD = gnu17;
				GCC_DYNAMIC_NO_PIC = NO;
				GCC_NO_COMMON_BLOCKS = YES;
				GCC_OPTIMIZATION_LEVEL = 0;
				GCC_PREPROCESSOR_DEFINITIONS = (
					"DEBUG=1",
					"$(inherited)",
				);
				GCC_WARN_64_TO_32_BIT_CONVERSION = YES;
				GCC_WARN_ABOUT_RETURN_TYPE = YES_ERROR;
				GCC_WARN_UNDECLARED_SELECTOR = YES;
				GCC_WARN_UNINITIALIZED_AUTOS = YES_AGGRESSIVE;
				GCC_WARN_UNUSED_FUNCTION = YES;
				GCC_WARN_UNUSED_VARIABLE = YES;
				IPHONEOS_DEPLOYMENT_TARGET = 18.5;
				LOCALIZATION_PREFERS_STRING_CATALOGS = YES;
				MTL_ENABLE_DEBUG_INFO = INCLUDE_SOURCE;
				MTL_FAST_MATH = YES;
				ONLY_ACTIVE_ARCH = YES;
				SDKROOT = iphoneos;
				SWIFT_ACTIVE_COMPILATION_CONDITIONS = "DEBUG $(inherited)";
				SWIFT_OPTIMIZATION_LEVEL = "-Onone";
			};
			name = Debug;
		};
		946FE06C2E452F4C0027A0DB /* Release */ = {
			isa = XCBuildConfiguration;
			buildSettings = {
				ALWAYS_SEARCH_USER_PATHS = NO;
				ASSETCATALOG_COMPILER_GENERATE_SWIFT_ASSET_SYMBOL_EXTENSIONS = YES;
				CLANG_ANALYZER_NONNULL = YES;
				CLANG_ANALYZER_NUMBER_OBJECT_CONVERSION = YES_AGGRESSIVE;
				CLANG_CXX_LANGUAGE_STANDARD = "gnu++20";
				CLANG_ENABLE_MODULES = YES;
				CLANG_ENABLE_OBJC_ARC = YES;
				CLANG_ENABLE_OBJC_WEAK = YES;
				CLANG_WARN_BLOCK_CAPTURE_AUTORELEASING = YES;
				CLANG_WARN_BOOL_CONVERSION = YES;
				CLANG_WARN_COMMA = YES;
				CLANG_WARN_CONSTANT_CONVERSION = YES;
				CLANG_WARN_DEPRECATED_OBJC_IMPLEMENTATIONS = YES;
				CLANG_WARN_DIRECT_OBJC_ISA_USAGE = YES_ERROR;
				CLANG_WARN_DOCUMENTATION_COMMENTS = YES;
				CLANG_WARN_EMPTY_BODY = YES;
				CLANG_WARN_ENUM_CONVERSION = YES;
				CLANG_WARN_INFINITE_RECURSION = YES;
				CLANG_WARN_INT_CONVERSION = YES;
				CLANG_WARN_NON_LITERAL_NULL_CONVERSION = YES;
				CLANG_WARN_OBJC_IMPLICIT_RETAIN_SELF = YES;
				CLANG_WARN_OBJC_LITERAL_CONVERSION = YES;
				CLANG_WARN_OBJC_ROOT_CLASS = YES_ERROR;
				CLANG_WARN_QUOTED_INCLUDE_IN_FRAMEWORK_HEADER = YES;
				CLANG_WARN_RANGE_LOOP_ANALYSIS = YES;
				CLANG_WARN_STRICT_PROTOTYPES = YES;
				CLANG_WARN_SUSPICIOUS_MOVE = YES;
				CLANG_WARN_UNGUARDED_AVAILABILITY = YES_AGGRESSIVE;
				CLANG_WARN_UNREACHABLE_CODE = YES;
				CLANG_WARN__DUPLICATE_METHOD_MATCH = YES;
				COPY_PHASE_STRIP = NO;
				DEBUG_INFORMATION_FORMAT = "dwarf-with-dsym";
				ENABLE_NS_ASSERTIONS = NO;
				ENABLE_STRICT_OBJC_MSGSEND = YES;
				ENABLE_USER_SCRIPT_SANDBOXING = YES;
				GCC_C_LANGUAGE_STANDARD = gnu17;
				GCC_NO_COMMON_BLOCKS = YES;
				GCC_WARN_64_TO_32_BIT_CONVERSION = YES;
				GCC_WARN_ABOUT_RETURN_TYPE = YES_ERROR;
				GCC_WARN_UNDECLARED_SELECTOR = YES;
				GCC_WARN_UNINITIALIZED_AUTOS = YES_AGGRESSIVE;
				GCC_WARN_UNUSED_FUNCTION = YES;
				GCC_WARN_UNUSED_VARIABLE = YES;
				IPHONEOS_DEPLOYMENT_TARGET = 18.5;
				LOCALIZATION_PREFERS_STRING_CATALOGS = YES;
				MTL_ENABLE_DEBUG_INFO = NO;
				MTL_FAST_MATH = YES;
				SDKROOT = iphoneos;
				SWIFT_COMPILATION_MODE = wholemodule;
				VALIDATE_PRODUCT = YES;
			};
			name = Release;
		};
		946FE06E2E452F4C0027A0DB /* Debug */ = {
			isa = XCBuildConfiguration;
			buildSettings = {
				ASSETCATALOG_COMPILER_APPICON_NAME = AppIcon;
				ASSETCATALOG_COMPILER_GLOBAL_ACCENT_COLOR_NAME = AccentColor;
				CODE_SIGN_STYLE = Automatic;
				CURRENT_PROJECT_VERSION = 1;
				ENABLE_PREVIEWS = YES;
				GENERATE_INFOPLIST_FILE = YES;
				INFOPLIST_KEY_UIApplicationSceneManifest_Generation = YES;
				INFOPLIST_KEY_UIApplicationSupportsIndirectInputEvents = YES;
				INFOPLIST_KEY_UILaunchScreen_Generation = YES;
				INFOPLIST_KEY_UISupportedInterfaceOrientations_iPad = "UIInterfaceOrientationPortrait UIInterfaceOrientationPortraitUpsideDown UIInterfaceOrientationLandscapeLeft UIInterfaceOrientationLandscapeRight";
				INFOPLIST_KEY_UISupportedInterfaceOrientations_iPhone = "UIInterfaceOrientationPortrait UIInterfaceOrientationLandscapeLeft UIInterfaceOrientationLandscapeRight";
				LD_RUNPATH_SEARCH_PATHS = (
					"$(inherited)",
					"@executable_path/Frameworks",
				);
				MARKETING_VERSION = 1.0;
				PRODUCT_BUNDLE_IDENTIFIER = com.beyzatunca.MySpecialDates;
				PRODUCT_NAME = "$(TARGET_NAME)";
				SWIFT_EMIT_LOC_STRINGS = YES;
				SWIFT_VERSION = 5.0;
				TARGETED_DEVICE_FAMILY = "1,2";
			};
			name = Debug;
		};
		946FE06F2E452F4C0027A0DB /* Release */ = {
			isa = XCBuildConfiguration;
			buildSettings = {
				ASSETCATALOG_COMPILER_APPICON_NAME = AppIcon;
				ASSETCATALOG_COMPILER_GLOBAL_ACCENT_COLOR_NAME = AccentColor;
				CODE_SIGN_STYLE = Automatic;
				CURRENT_PROJECT_VERSION = 1;
				ENABLE_PREVIEWS = YES;
				GENERATE_INFOPLIST_FILE = YES;
				INFOPLIST_KEY_UIApplicationSceneManifest_Generation = YES;
				INFOPLIST_KEY_UIApplicationSupportsIndirectInputEvents = YES;
				INFOPLIST_KEY_UILaunchScreen_Generation = YES;
				INFOPLIST_KEY_UISupportedInterfaceOrientations_iPad = "UIInterfaceOrientationPortrait UIInterfaceOrientationPortraitUpsideDown UIInterfaceOrientationLandscapeLeft UIInterfaceOrientationLandscapeRight";
				INFOPLIST_KEY_UISupportedInterfaceOrientations_iPhone = "UIInterfaceOrientationPortrait UIInterfaceOrientationLandscapeLeft UIInterfaceOrientationLandscapeRight";
				LD_RUNPATH_SEARCH_PATHS = (
					"$(inherited)",
					"@executable_path/Frameworks",
				);
				MARKETING_VERSION = 1.0;
				PRODUCT_BUNDLE_IDENTIFIER = com.beyzatunca.MySpecialDates;
				PRODUCT_NAME = "$(TARGET_NAME)";
				SWIFT_EMIT_LOC_STRINGS = YES;
				SWIFT_VERSION = 5.0;
				TARGETED_DEVICE_FAMILY = "1,2";
			};
			name = Release;
		};
/* End XCBuildConfiguration section */

/* Begin XCConfigurationList section */
		946FE05D2E452F4C0027A0DB /* Build configuration list for PBXProject "MySpecialDates" */ = {
			isa = XCConfigurationList;
			buildConfigurations = (
				946FE06B2E452F4C0027A0DB /* Debug */,
				946FE06C2E452F4C0027A0DB /* Release */,
			);
			defaultConfigurationIsVisible = 0;
			defaultConfigurationName = Release;
		};
		946FE06D2E452F4C0027A0DB /* Build configuration list for PBXNativeTarget "MySpecialDates" */ = {
			isa = XCConfigurationList;
			buildConfigurations = (
				946FE06E2E452F4C0027A0DB /* Debug */,
				946FE06F2E452F4C0027A0DB /* Release */,
			);
			defaultConfigurationIsVisible = 0;
			defaultConfigurationName = Release;
		};
/* End XCConfigurationList section */
	};
	rootObject = 946FE05A2E452F4C0027A0DB /* Project object */;
}
